
Microsoft Visual Studio Solution File, Format Version 12.00
# Visual Studio Version 17
VisualStudioVersion = 17.0.31912.275
MinimumVisualStudioVersion = 10.0.40219.1
Project("{9A19103F-16F7-4668-BE54-9A1E7A4F7556}") = "Assignment_6_7_WebApi", "Assignment_6_7_WebApi.csproj", "{0AF41C0A-9666-451C-AD31-848C26CEAA56}"
EndProject
Project("{9A19103F-16F7-4668-BE54-9A1E7A4F7556}") = "BLLTest", "..\BLLTest\BLLTest.csproj", "{ACDAA61A-DD2E-44A7-9252-55258D6DAF7A}"
EndProject
Global
	GlobalSection(SolutionConfigurationPlatforms) = preSolution
		Debug|Any CPU = Debug|Any CPU
		Release|Any CPU = Release|Any CPU
	EndGlobalSection
	GlobalSection(ProjectConfigurationPlatforms) = postSolution
		{0AF41C0A-9666-451C-AD31-848C26CEAA56}.Debug|Any CPU.ActiveCfg = Debug|Any CPU
		{0AF41C0A-9666-451C-AD31-848C26CEAA56}.Debug|Any CPU.Build.0 = Debug|Any CPU
		{0AF41C0A-9666-451C-AD31-848C26CEAA56}.Release|Any CPU.ActiveCfg = Release|Any CPU
		{0AF41C0A-9666-451C-AD31-848C26CEAA56}.Release|Any CPU.Build.0 = Release|Any CPU
		{ACDAA61A-DD2E-44A7-9252-55258D6DAF7A}.Debug|Any CPU.ActiveCfg = Debug|Any CPU
		{ACDAA61A-DD2E-44A7-9252-55258D6DAF7A}.Debug|Any CPU.Build.0 = Debug|Any CPU
		{ACDAA61A-DD2E-44A7-9252-55258D6DAF7A}.Release|Any CPU.ActiveCfg = Release|Any CPU
		{ACDAA61A-DD2E-44A7-9252-55258D6DAF7A}.Release|Any CPU.Build.0 = Release|Any CPU
	EndGlobalSection
	GlobalSection(SolutionProperties) = preSolution
		HideSolutionNode = FALSE
	EndGlobalSection
	GlobalSection(ExtensibilityGlobals) = postSolution
		SolutionGuid = {37D32468-33A5-42A5-9FD0-13C7A3D28AF5}
	EndGlobalSection
EndGlobal
